
Microsoft Visual Studio Solution File, Format Version 12.00
# Visual Studio 15
Project("{2150E333-8FDC-42A3-9474-1A3956D46DE8}") = "src", "src", "{2CE302EA-8011-4BDA-8E9B-11ACBEAE4561}"
EndProject
Project("{2150E333-8FDC-42A3-9474-1A3956D46DE8}") = "tests", "tests", "{159B599F-30E3-47A6-ABD6-47E8720EDDA8}"
EndProject
Project("{2150E333-8FDC-42A3-9474-1A3956D46DE8}") = "Solution Items", "Solution Items", "{493CB1CA-2C2E-4D61-8DBB-5F15220F8DB0}"
	ProjectSection(SolutionItems) = preProject
		LICENSE = LICENSE
		README.md = README.md
	EndProjectSection
EndProject
Project("{FAE04EC0-301F-11D3-BF4B-00C04F79EFBC}") = "Domain", "src\Domain\Domain.csproj", "{5C278FBA-D73A-4638-97B9-435A009EC6F5}"
EndProject
Project("{FAE04EC0-301F-11D3-BF4B-00C04F79EFBC}") = "Application", "src\Application\Application.csproj", "{5A125BEC-521E-4582-9A28-F1D4FF9A156C}"
EndProject
Project("{FAE04EC0-301F-11D3-BF4B-00C04F79EFBC}") = "Infrastructure", "src\Infrastructure\Infrastructure.csproj", "{7CBEF5B8-E811-4730-AFEC-8E0481B3424E}"
EndProject
Project("{FAE04EC0-301F-11D3-BF4B-00C04F79EFBC}") = "UnitTests", "tests\UnitTests\UnitTests.csproj", "{6A7B2343-2CB4-4CD5-B79A-6267F1FA3EA9}"
EndProject
Project("{FAE04EC0-301F-11D3-BF4B-00C04F79EFBC}") = "IntegrationTests", "tests\IntegrationTests\IntegrationTests.csproj", "{E7F15104-D0BC-43DF-9C9B-314099605FF6}"
EndProject
Project("{FAE04EC0-301F-11D3-BF4B-00C04F79EFBC}") = "WebUI", "src\WebUI\WebUI.csproj", "{A114811E-F055-4510-8729-7F9E8C4E4080}"
EndProject
Global
	GlobalSection(SolutionConfigurationPlatforms) = preSolution
		Debug|Any CPU = Debug|Any CPU
		Release|Any CPU = Release|Any CPU
	EndGlobalSection
	GlobalSection(ProjectConfigurationPlatforms) = postSolution
		{5C278FBA-D73A-4638-97B9-435A009EC6F5}.Debug|Any CPU.ActiveCfg = Debug|Any CPU
		{5C278FBA-D73A-4638-97B9-435A009EC6F5}.Debug|Any CPU.Build.0 = Debug|Any CPU
		{5C278FBA-D73A-4638-97B9-435A009EC6F5}.Release|Any CPU.ActiveCfg = Release|Any CPU
		{5C278FBA-D73A-4638-97B9-435A009EC6F5}.Release|Any CPU.Build.0 = Release|Any CPU
		{5A125BEC-521E-4582-9A28-F1D4FF9A156C}.Debug|Any CPU.ActiveCfg = Debug|Any CPU
		{5A125BEC-521E-4582-9A28-F1D4FF9A156C}.Debug|Any CPU.Build.0 = Debug|Any CPU
		{5A125BEC-521E-4582-9A28-F1D4FF9A156C}.Release|Any CPU.ActiveCfg = Release|Any CPU
		{5A125BEC-521E-4582-9A28-F1D4FF9A156C}.Release|Any CPU.Build.0 = Release|Any CPU
		{7CBEF5B8-E811-4730-AFEC-8E0481B3424E}.Debug|Any CPU.ActiveCfg = Debug|Any CPU
		{7CBEF5B8-E811-4730-AFEC-8E0481B3424E}.Debug|Any CPU.Build.0 = Debug|Any CPU
		{7CBEF5B8-E811-4730-AFEC-8E0481B3424E}.Release|Any CPU.ActiveCfg = Release|Any CPU
		{7CBEF5B8-E811-4730-AFEC-8E0481B3424E}.Release|Any CPU.Build.0 = Release|Any CPU
		{6A7B2343-2CB4-4CD5-B79A-6267F1FA3EA9}.Debug|Any CPU.ActiveCfg = Debug|Any CPU
		{6A7B2343-2CB4-4CD5-B79A-6267F1FA3EA9}.Debug|Any CPU.Build.0 = Debug|Any CPU
		{6A7B2343-2CB4-4CD5-B79A-6267F1FA3EA9}.Release|Any CPU.ActiveCfg = Release|Any CPU
		{6A7B2343-2CB4-4CD5-B79A-6267F1FA3EA9}.Release|Any CPU.Build.0 = Release|Any CPU
		{E7F15104-D0BC-43DF-9C9B-314099605FF6}.Debug|Any CPU.ActiveCfg = Debug|Any CPU
		{E7F15104-D0BC-43DF-9C9B-314099605FF6}.Debug|Any CPU.Build.0 = Debug|Any CPU
		{E7F15104-D0BC-43DF-9C9B-314099605FF6}.Release|Any CPU.ActiveCfg = Release|Any CPU
		{E7F15104-D0BC-43DF-9C9B-314099605FF6}.Release|Any CPU.Build.0 = Release|Any CPU
		{A114811E-F055-4510-8729-7F9E8C4E4080}.Debug|Any CPU.ActiveCfg = Debug|Any CPU
		{A114811E-F055-4510-8729-7F9E8C4E4080}.Debug|Any CPU.Build.0 = Debug|Any CPU
		{A114811E-F055-4510-8729-7F9E8C4E4080}.Release|Any CPU.ActiveCfg = Release|Any CPU
		{A114811E-F055-4510-8729-7F9E8C4E4080}.Release|Any CPU.Build.0 = Release|Any CPU
	EndGlobalSection
	GlobalSection(NestedProjects) = preSolution
		{5C278FBA-D73A-4638-97B9-435A009EC6F5} = {2CE302EA-8011-4BDA-8E9B-11ACBEAE4561}
		{5A125BEC-521E-4582-9A28-F1D4FF9A156C} = {2CE302EA-8011-4BDA-8E9B-11ACBEAE4561}
		{7CBEF5B8-E811-4730-AFEC-8E0481B3424E} = {2CE302EA-8011-4BDA-8E9B-11ACBEAE4561}
		{6A7B2343-2CB4-4CD5-B79A-6267F1FA3EA9} = {159B599F-30E3-47A6-ABD6-47E8720EDDA8}
		{E7F15104-D0BC-43DF-9C9B-314099605FF6} = {159B599F-30E3-47A6-ABD6-47E8720EDDA8}
		{A114811E-F055-4510-8729-7F9E8C4E4080} = {2CE302EA-8011-4BDA-8E9B-11ACBEAE4561}
	EndGlobalSection
EndGlobal
